
Microsoft Visual Studio Solution File, Format Version 12.00
# Visual Studio 2013
VisualStudioVersion = 12.0.31101.0
MinimumVisualStudioVersion = 10.0.40219.1
Project("{FAE04EC0-301F-11D3-BF4B-00C04F79EFBC}") = "TestTeaShop", "TestTeaShop\TestTeaShop.csproj", "{53EC569A-8B66-4C47-A310-590954FC6BC0}"
EndProject
Project("{2150E333-8FDC-42A3-9474-1A3956D46DE8}") = "Solution Items", "Solution Items", "{614DB198-0ACF-454E-A7DF-66654E5C6337}"
	ProjectSection(SolutionItems) = preProject
		Inledande concurrent programmering.pdf = Inledande concurrent programmering.pdf
		README.txt = README.txt
	EndProjectSection
EndProject
Global
	GlobalSection(SolutionConfigurationPlatforms) = preSolution
		Debug|Any CPU = Debug|Any CPU
		Release|Any CPU = Release|Any CPU
	EndGlobalSection
	GlobalSection(ProjectConfigurationPlatforms) = postSolution
		{53EC569A-8B66-4C47-A310-590954FC6BC0}.Debug|Any CPU.ActiveCfg = Debug|Any CPU
		{53EC569A-8B66-4C47-A310-590954FC6BC0}.Debug|Any CPU.Build.0 = Debug|Any CPU
		{53EC569A-8B66-4C47-A310-590954FC6BC0}.Release|Any CPU.ActiveCfg = Release|Any CPU
		{53EC569A-8B66-4C47-A310-590954FC6BC0}.Release|Any CPU.Build.0 = Release|Any CPU
	EndGlobalSection
	GlobalSection(SolutionProperties) = preSolution
		HideSolutionNode = FALSE
	EndGlobalSection
EndGlobal
